{
  "requires": true,
  "lockfileVersion": 1,
  "dependencies": {
    "xterm": {
      "version": "4.13.0",
      "resolved": "https://registry.npmjs.org/xterm/-/xterm-4.13.0.tgz",
      "integrity": "sha512-HVW1gdoLOTnkMaqQCr2r3mQy4fX9iSa5gWxKZ2UTYdLa4iqavv7QxJ8n1Ypse32shPVkhTYPLS6vHEFZp5ghzw=="
    }
  }
}
